// !$*UTF8*$!
{
	archiveVersion = 1;
	classes = {
	};
	objectVersion = 50;
	objects = {

/* Begin PBXBuildFile section */
		8A16042D2456A3DB0032AED1 /* AppDelegate.swift in Sources */ = {isa = PBXBuildFile; fileRef = 8A16042C2456A3DB0032AED1 /* AppDelegate.swift */; };
		8A16042F2456A3DB0032AED1 /* SceneDelegate.swift in Sources */ = {isa = PBXBuildFile; fileRef = 8A16042E2456A3DB0032AED1 /* SceneDelegate.swift */; };
		8A1604312456A3DB0032AED1 /* BMIViewController.swift in Sources */ = {isa = PBXBuildFile; fileRef = 8A1604302456A3DB0032AED1 /* BMIViewController.swift */; };
		8A1604342456A3DB0032AED1 /* Main.storyboard in Resources */ = {isa = PBXBuildFile; fileRef = 8A1604322456A3DB0032AED1 /* Main.storyboard */; };
		8A1604362456A3DE0032AED1 /* Assets.xcassets in Resources */ = {isa = PBXBuildFile; fileRef = 8A1604352456A3DE0032AED1 /* Assets.xcassets */; };
		8A1604392456A3DE0032AED1 /* LaunchScreen.storyboard in Resources */ = {isa = PBXBuildFile; fileRef = 8A1604372456A3DE0032AED1 /* LaunchScreen.storyboard */; };
		8A1604472456D2100032AED1 /* ResultViewController.swift in Sources */ = {isa = PBXBuildFile; fileRef = 8A1604462456D2100032AED1 /* ResultViewController.swift */; };
		8A1604492456D39A0032AED1 /* CalculatorModel.swift in Sources */ = {isa = PBXBuildFile; fileRef = 8A1604482456D39A0032AED1 /* CalculatorModel.swift */; };
		8A16044B2456D4050032AED1 /* CalculateBMIViewModel.swift in Sources */ = {isa = PBXBuildFile; fileRef = 8A16044A2456D4050032AED1 /* CalculateBMIViewModel.swift */; };
		8A16044E2456E2DD0032AED1 /* Extension.swift in Sources */ = {isa = PBXBuildFile; fileRef = 8A16044D2456E2DD0032AED1 /* Extension.swift */; };
/* End PBXBuildFile section */

/* Begin PBXFileReference section */
		8A1604292456A3DB0032AED1 /* BMICalculator.app */ = {isa = PBXFileReference; explicitFileType = wrapper.application; includeInIndex = 0; path = BMICalculator.app; sourceTree = BUILT_PRODUCTS_DIR; };
		8A16042C2456A3DB0032AED1 /* AppDelegate.swift */ = {isa = PBXFileReference; lastKnownFileType = sourcecode.swift; path = AppDelegate.swift; sourceTree = "<group>"; };
		8A16042E2456A3DB0032AED1 /* SceneDelegate.swift */ = {isa = PBXFileReference; lastKnownFileType = sourcecode.swift; path = SceneDelegate.swift; sourceTree = "<group>"; };
		8A1604302456A3DB0032AED1 /* BMIViewController.swift */ = {isa = PBXFileReference; lastKnownFileType = sourcecode.swift; path = BMIViewController.swift; sourceTree = "<group>"; };
		8A1604332456A3DB0032AED1 /* Base */ = {isa = PBXFileReference; lastKnownFileType = file.storyboard; name = Base; path = Base.lproj/Main.storyboard; sourceTree = "<group>"; };
		8A1604352456A3DE0032AED1 /* Assets.xcassets */ = {isa = PBXFileReference; lastKnownFileType = folder.assetcatalog; path = Assets.xcassets; sourceTree = "<group>"; };
		8A1604382456A3DE0032AED1 /* Base */ = {isa = PBXFileReference; lastKnownFileType = file.storyboard; name = Base; path = Base.lproj/LaunchScreen.storyboard; sourceTree = "<group>"; };
		8A16043A2456A3DE0032AED1 /* Info.plist */ = {isa = PBXFileReference; lastKnownFileType = text.plist.xml; path = Info.plist; sourceTree = "<group>"; };
		8A1604462456D2100032AED1 /* ResultViewController.swift */ = {isa = PBXFileReference; lastKnownFileType = sourcecode.swift; path = ResultViewController.swift; sourceTree = "<group>"; };
		8A1604482456D39A0032AED1 /* CalculatorModel.swift */ = {isa = PBXFileReference; lastKnownFileType = sourcecode.swift; path = CalculatorModel.swift; sourceTree = "<group>"; };
		8A16044A2456D4050032AED1 /* CalculateBMIViewModel.swift */ = {isa = PBXFileReference; lastKnownFileType = sourcecode.swift; path = CalculateBMIViewModel.swift; sourceTree = "<group>"; };
		8A16044D2456E2DD0032AED1 /* Extension.swift */ = {isa = PBXFileReference; lastKnownFileType = sourcecode.swift; path = Extension.swift; sourceTree = "<group>"; };
/* End PBXFileReference section */

/* Begin PBXFrameworksBuildPhase section */
		8A1604262456A3DB0032AED1 /* Frameworks */ = {
			isa = PBXFrameworksBuildPhase;
			buildActionMask = 2147483647;
			files = (
			);
			runOnlyForDeploymentPostprocessing = 0;
		};
/* End PBXFrameworksBuildPhase section */

/* Begin PBXGroup section */
		8A1604202456A3DA0032AED1 = {
			isa = PBXGroup;
			children = (
				8A16042B2456A3DB0032AED1 /* BMICalculator */,
				8A16042A2456A3DB0032AED1 /* Products */,
			);
			sourceTree = "<group>";
		};
		8A16042A2456A3DB0032AED1 /* Products */ = {
			isa = PBXGroup;
			children = (
				8A1604292456A3DB0032AED1 /* BMICalculator.app */,
			);
			name = Products;
			sourceTree = "<group>";
		};
		8A16042B2456A3DB0032AED1 /* BMICalculator */ = {
			isa = PBXGroup;
			children = (
				8A16044C2456E2CA0032AED1 /* Utilities */,
				8A1604452456A5820032AED1 /* AppDelegate */,
				8A1604442456A5310032AED1 /* Storyboard */,
				8A1604432456A5010032AED1 /* Model */,
				8A1604422456A4F90032AED1 /* ViewModel */,
				8A1604412456A4F00032AED1 /* View */,
				8A1604402456A4DE0032AED1 /* ViewController */,
				8A1604352456A3DE0032AED1 /* Assets.xcassets */,
				8A1604372456A3DE0032AED1 /* LaunchScreen.storyboard */,
				8A16043A2456A3DE0032AED1 /* Info.plist */,
			);
			path = BMICalculator;
			sourceTree = "<group>";
		};
		8A1604402456A4DE0032AED1 /* ViewController */ = {
			isa = PBXGroup;
			children = (
				8A1604302456A3DB0032AED1 /* BMIViewController.swift */,
				8A1604462456D2100032AED1 /* ResultViewController.swift */,
			);
			path = ViewController;
			sourceTree = "<group>";
		};
		8A1604412456A4F00032AED1 /* View */ = {
			isa = PBXGroup;
			children = (
			);
			path = View;
			sourceTree = "<group>";
		};
		8A1604422456A4F90032AED1 /* ViewModel */ = {
			isa = PBXGroup;
			children = (
				8A16044A2456D4050032AED1 /* CalculateBMIViewModel.swift */,
			);
			path = ViewModel;
			sourceTree = "<group>";
		};
		8A1604432456A5010032AED1 /* Model */ = {
			isa = PBXGroup;
			children = (
				8A1604482456D39A0032AED1 /* CalculatorModel.swift */,
			);
			path = Model;
			sourceTree = "<group>";
		};
		8A1604442456A5310032AED1 /* Storyboard */ = {
			isa = PBXGroup;
			children = (
				8A1604322456A3DB0032AED1 /* Main.storyboard */,
			);
			path = Storyboard;
			sourceTree = "<group>";
		};
		8A1604452456A5820032AED1 /* AppDelegate */ = {
			isa = PBXGroup;
			children = (
				8A16042C2456A3DB0032AED1 /* AppDelegate.swift */,
				8A16042E2456A3DB0032AED1 /* SceneDelegate.swift */,
			);
			path = AppDelegate;
			sourceTree = "<group>";
		};
		8A16044C2456E2CA0032AED1 /* Utilities */ = {
			isa = PBXGroup;
			children = (
				8A16044D2456E2DD0032AED1 /* Extension.swift */,
			);
			path = Utilities;
			sourceTree = "<group>";
		};
/* End PBXGroup section */

/* Begin PBXNativeTarget section */
		8A1604282456A3DB0032AED1 /* BMICalculator */ = {
			isa = PBXNativeTarget;
			buildConfigurationList = 8A16043D2456A3DE0032AED1 /* Build configuration list for PBXNativeTarget "BMICalculator" */;
			buildPhases = (
				8A1604252456A3DB0032AED1 /* Sources */,
				8A1604262456A3DB0032AED1 /* Frameworks */,
				8A1604272456A3DB0032AED1 /* Resources */,
			);
			buildRules = (
			);
			dependencies = (
			);
			name = BMICalculator;
			productName = BMICalculator;
			productReference = 8A1604292456A3DB0032AED1 /* BMICalculator.app */;
			productType = "com.apple.product-type.application";
		};
/* End PBXNativeTarget section */

/* Begin PBXProject section */
		8A1604212456A3DA0032AED1 /* Project object */ = {
			isa = PBXProject;
			attributes = {
				LastSwiftUpdateCheck = 1140;
				LastUpgradeCheck = 1140;
				ORGANIZATIONNAME = InnoCric;
				TargetAttributes = {
					8A1604282456A3DB0032AED1 = {
						CreatedOnToolsVersion = 11.4.1;
					};
				};
			};
			buildConfigurationList = 8A1604242456A3DA0032AED1 /* Build configuration list for PBXProject "BMICalculator" */;
			compatibilityVersion = "Xcode 9.3";
			developmentRegion = en;
			hasScannedForEncodings = 0;
			knownRegions = (
				en,
				Base,
			);
			mainGroup = 8A1604202456A3DA0032AED1;
			productRefGroup = 8A16042A2456A3DB0032AED1 /* Products */;
			projectDirPath = "";
			projectRoot = "";
			targets = (
				8A1604282456A3DB0032AED1 /* BMICalculator */,
			);
		};
/* End PBXProject section */

/* Begin PBXResourcesBuildPhase section */
		8A1604272456A3DB0032AED1 /* Resources */ = {
			isa = PBXResourcesBuildPhase;
			buildActionMask = 2147483647;
			files = (
				8A1604392456A3DE0032AED1 /* LaunchScreen.storyboard in Resources */,
				8A1604362456A3DE0032AED1 /* Assets.xcassets in Resources */,
				8A1604342456A3DB0032AED1 /* Main.storyboard in Resources */,
			);
			runOnlyForDeploymentPostprocessing = 0;
		};
/* End PBXResourcesBuildPhase section */

/* Begin PBXSourcesBuildPhase section */
		8A1604252456A3DB0032AED1 /* Sources */ = {
			isa = PBXSourcesBuildPhase;
			buildActionMask = 2147483647;
			files = (
				8A16044B2456D4050032AED1 /* CalculateBMIViewModel.swift in Sources */,
				8A1604312456A3DB0032AED1 /* BMIViewController.swift in Sources */,
				8A16044E2456E2DD0032AED1 /* Extension.swift in Sources */,
				8A1604492456D39A0032AED1 /* CalculatorModel.swift in Sources */,
				8A16042D2456A3DB0032AED1 /* AppDelegate.swift in Sources */,
				8A16042F2456A3DB0032AED1 /* SceneDelegate.swift in Sources */,
				8A1604472456D2100032AED1 /* ResultViewController.swift in Sources */,
			);
			runOnlyForDeploymentPostprocessing = 0;
		};
/* End PBXSourcesBuildPhase section */

/* Begin PBXVariantGroup section */
		8A1604322456A3DB0032AED1 /* Main.storyboard */ = {
			isa = PBXVariantGroup;
			children = (
				8A1604332456A3DB0032AED1 /* Base */,
			);
			name = Main.storyboard;
			sourceTree = "<group>";
		};
		8A1604372456A3DE0032AED1 /* LaunchScreen.storyboard */ = {
			isa = PBXVariantGroup;
			children = (
				8A1604382456A3DE0032AED1 /* Base */,
			);
			name = LaunchScreen.storyboard;
			sourceTree = "<group>";
		};
/* End PBXVariantGroup section */

/* Begin XCBuildConfiguration section */
		8A16043B2456A3DE0032AED1 /* Debug */ = {
			isa = XCBuildConfiguration;
			buildSettings = {
				ALWAYS_SEARCH_USER_PATHS = NO;
				CLANG_ANALYZER_NONNULL = YES;
				CLANG_ANALYZER_NUMBER_OBJECT_CONVERSION = YES_AGGRESSIVE;
				CLANG_CXX_LANGUAGE_STANDARD = "gnu++14";
				CLANG_CXX_LIBRARY = "libc++";
				CLANG_ENABLE_MODULES = YES;
				CLANG_ENABLE_OBJC_ARC = YES;
				CLANG_ENABLE_OBJC_WEAK = YES;
				CLANG_WARN_BLOCK_CAPTURE_AUTORELEASING = YES;
				CLANG_WARN_BOOL_CONVERSION = YES;
				CLANG_WARN_COMMA = YES;
				CLANG_WARN_CONSTANT_CONVERSION = YES;
				CLANG_WARN_DEPRECATED_OBJC_IMPLEMENTATIONS = YES;
				CLANG_WARN_DIRECT_OBJC_ISA_USAGE = YES_ERROR;
				CLANG_WARN_DOCUMENTATION_COMMENTS = YES;
				CLANG_WARN_EMPTY_BODY = YES;
				CLANG_WARN_ENUM_CONVERSION = YES;
				CLANG_WARN_INFINITE_RECURSION = YES;
				CLANG_WARN_INT_CONVERSION = YES;
				CLANG_WARN_NON_LITERAL_NULL_CONVERSION = YES;
				CLANG_WARN_OBJC_IMPLICIT_RETAIN_SELF = YES;
				CLANG_WARN_OBJC_LITERAL_CONVERSION = YES;
				CLANG_WARN_OBJC_ROOT_CLASS = YES_ERROR;
				CLANG_WARN_RANGE_LOOP_ANALYSIS = YES;
				CLANG_WARN_STRICT_PROTOTYPES = YES;
				CLANG_WARN_SUSPICIOUS_MOVE = YES;
				CLANG_WARN_UNGUARDED_AVAILABILITY = YES_AGGRESSIVE;
				CLANG_WARN_UNREACHABLE_CODE = YES;
				CLANG_WARN__DUPLICATE_METHOD_MATCH = YES;
				COPY_PHASE_STRIP = NO;
				DEBUG_INFORMATION_FORMAT = dwarf;
				ENABLE_STRICT_OBJC_MSGSEND = YES;
				ENABLE_TESTABILITY = YES;
				GCC_C_LANGUAGE_STANDARD = gnu11;
				GCC_DYNAMIC_NO_PIC = NO;
				GCC_NO_COMMON_BLOCKS = YES;
				GCC_OPTIMIZATION_LEVEL = 0;
				GCC_PREPROCESSOR_DEFINITIONS = (
					"DEBUG=1",
					"$(inherited)",
				);
				GCC_WARN_64_TO_32_BIT_CONVERSION = YES;
				GCC_WARN_ABOUT_RETURN_TYPE = YES_ERROR;
				GCC_WARN_UNDECLARED_SELECTOR = YES;
				GCC_WARN_UNINITIALIZED_AUTOS = YES_AGGRESSIVE;
				GCC_WARN_UNUSED_FUNCTION = YES;
				GCC_WARN_UNUSED_VARIABLE = YES;
				IPHONEOS_DEPLOYMENT_TARGET = 13.4;
				MTL_ENABLE_DEBUG_INFO = INCLUDE_SOURCE;
				MTL_FAST_MATH = YES;
				ONLY_ACTIVE_ARCH = YES;
				SDKROOT = iphoneos;
				SWIFT_ACTIVE_COMPILATION_CONDITIONS = DEBUG;
				SWIFT_OPTIMIZATION_LEVEL = "-Onone";
			};
			name = Debug;
		};
		8A16043C2456A3DE0032AED1 /* Release */ = {
			isa = XCBuildConfiguration;
			buildSettings = {
				ALWAYS_SEARCH_USER_PATHS = NO;
				CLANG_ANALYZER_NONNULL = YES;
				CLANG_ANALYZER_NUMBER_OBJECT_CONVERSION = YES_AGGRESSIVE;
				CLANG_CXX_LANGUAGE_STANDARD = "gnu++14";
				CLANG_CXX_LIBRARY = "libc++";
				CLANG_ENABLE_MODULES = YES;
				CLANG_ENABLE_OBJC_ARC = YES;
				CLANG_ENABLE_OBJC_WEAK = YES;
				CLANG_WARN_BLOCK_CAPTURE_AUTORELEASING = YES;
				CLANG_WARN_BOOL_CONVERSION = YES;
				CLANG_WARN_COMMA = YES;
				CLANG_WARN_CONSTANT_CONVERSION = YES;
				CLANG_WARN_DEPRECATED_OBJC_IMPLEMENTATIONS = YES;
				CLANG_WARN_DIRECT_OBJC_ISA_USAGE = YES_ERROR;
				CLANG_WARN_DOCUMENTATION_COMMENTS = YES;
				CLANG_WARN_EMPTY_BODY = YES;
				CLANG_WARN_ENUM_CONVERSION = YES;
				CLANG_WARN_INFINITE_RECURSION = YES;
				CLANG_WARN_INT_CONVERSION = YES;
				CLANG_WARN_NON_LITERAL_NULL_CONVERSION = YES;
				CLANG_WARN_OBJC_IMPLICIT_RETAIN_SELF = YES;
				CLANG_WARN_OBJC_LITERAL_CONVERSION = YES;
				CLANG_WARN_OBJC_ROOT_CLASS = YES_ERROR;
				CLANG_WARN_RANGE_LOOP_ANALYSIS = YES;
				CLANG_WARN_STRICT_PROTOTYPES = YES;
				CLANG_WARN_SUSPICIOUS_MOVE = YES;
				CLANG_WARN_UNGUARDED_AVAILABILITY = YES_AGGRESSIVE;
				CLANG_WARN_UNREACHABLE_CODE = YES;
				CLANG_WARN__DUPLICATE_METHOD_MATCH = YES;
				COPY_PHASE_STRIP = NO;
				DEBUG_INFORMATION_FORMAT = "dwarf-with-dsym";
				ENABLE_NS_ASSERTIONS = NO;
				ENABLE_STRICT_OBJC_MSGSEND = YES;
				GCC_C_LANGUAGE_STANDARD = gnu11;
				GCC_NO_COMMON_BLOCKS = YES;
				GCC_WARN_64_TO_32_BIT_CONVERSION = YES;
				GCC_WARN_ABOUT_RETURN_TYPE = YES_ERROR;
				GCC_WARN_UNDECLARED_SELECTOR = YES;
				GCC_WARN_UNINITIALIZED_AUTOS = YES_AGGRESSIVE;
				GCC_WARN_UNUSED_FUNCTION = YES;
				GCC_WARN_UNUSED_VARIABLE = YES;
				IPHONEOS_DEPLOYMENT_TARGET = 13.4;
				MTL_ENABLE_DEBUG_INFO = NO;
				MTL_FAST_MATH = YES;
				SDKROOT = iphoneos;
				SWIFT_COMPILATION_MODE = wholemodule;
				SWIFT_OPTIMIZATION_LEVEL = "-O";
				VALIDATE_PRODUCT = YES;
			};
			name = Release;
		};
		8A16043E2456A3DE0032AED1 /* Debug */ = {
			isa = XCBuildConfiguration;
			buildSettings = {
				ASSETCATALOG_COMPILER_APPICON_NAME = AppIcon;
				CODE_SIGN_STYLE = Automatic;
				INFOPLIST_FILE = BMICalculator/Info.plist;
				LD_RUNPATH_SEARCH_PATHS = (
					"$(inherited)",
					"@executable_path/Frameworks",
				);
				PRODUCT_BUNDLE_IDENTIFIER = com.innocirc.BMICalculator;
				PRODUCT_NAME = "$(TARGET_NAME)";
				SWIFT_VERSION = 5.0;
				TARGETED_DEVICE_FAMILY = "1,2";
			};
			name = Debug;
		};
		8A16043F2456A3DE0032AED1 /* Release */ = {
			isa = XCBuildConfiguration;
			buildSettings = {
				ASSETCATALOG_COMPILER_APPICON_NAME = AppIcon;
				CODE_SIGN_STYLE = Automatic;
				INFOPLIST_FILE = BMICalculator/Info.plist;
				LD_RUNPATH_SEARCH_PATHS = (
					"$(inherited)",
					"@executable_path/Frameworks",
				);
				PRODUCT_BUNDLE_IDENTIFIER = com.innocirc.BMICalculator;
				PRODUCT_NAME = "$(TARGET_NAME)";
				SWIFT_VERSION = 5.0;
				TARGETED_DEVICE_FAMILY = "1,2";
			};
			name = Release;
		};
/* End XCBuildConfiguration section */

/* Begin XCConfigurationList section */
		8A1604242456A3DA0032AED1 /* Build configuration list for PBXProject "BMICalculator" */ = {
			isa = XCConfigurationList;
			buildConfigurations = (
				8A16043B2456A3DE0032AED1 /* Debug */,
				8A16043C2456A3DE0032AED1 /* Release */,
			);
			defaultConfigurationIsVisible = 0;
			defaultConfigurationName = Release;
		};
		8A16043D2456A3DE0032AED1 /* Build configuration list for PBXNativeTarget "BMICalculator" */ = {
			isa = XCConfigurationList;
			buildConfigurations = (
				8A16043E2456A3DE0032AED1 /* Debug */,
				8A16043F2456A3DE0032AED1 /* Release */,
			);
			defaultConfigurationIsVisible = 0;
			defaultConfigurationName = Release;
		};
/* End XCConfigurationList section */
	};
	rootObject = 8A1604212456A3DA0032AED1 /* Project object */;
}
